// !$*UTF8*$!
{
	archiveVersion = 1;
	classes = {
	};
	objectVersion = 46;
	objects = {

/* Begin PBXBuildFile section */
		FDF4558A1F3AAB2A00916B5D /* main.m in Sources */ = {isa = PBXBuildFile; fileRef = FDF455891F3AAB2A00916B5D /* main.m */; };
		FDF4558D1F3AAB2A00916B5D /* AppDelegate.m in Sources */ = {isa = PBXBuildFile; fileRef = FDF4558C1F3AAB2A00916B5D /* AppDelegate.m */; };
		FDF455901F3AAB2A00916B5D /* ViewController.m in Sources */ = {isa = PBXBuildFile; fileRef = FDF4558F1F3AAB2A00916B5D /* ViewController.m */; };
		FDF455931F3AAB2A00916B5D /* Main.storyboard in Resources */ = {isa = PBXBuildFile; fileRef = FDF455911F3AAB2A00916B5D /* Main.storyboard */; };
		FDF455951F3AAB2A00916B5D /* Assets.xcassets in Resources */ = {isa = PBXBuildFile; fileRef = FDF455941F3AAB2A00916B5D /* Assets.xcassets */; };
		FDF455981F3AAB2A00916B5D /* LaunchScreen.storyboard in Resources */ = {isa = PBXBuildFile; fileRef = FDF455961F3AAB2A00916B5D /* LaunchScreen.storyboard */; };
		FDF455A21F3AAB9E00916B5D /* iOSService.m in Sources */ = {isa = PBXBuildFile; fileRef = FDF455A11F3AAB9E00916B5D /* iOSService.m */; };
		FDF455DA1F3AAC1E00916B5D /* AFHTTPRequestOperation.m in Sources */ = {isa = PBXBuildFile; fileRef = FDF455A51F3AAC1E00916B5D /* AFHTTPRequestOperation.m */; };
		FDF455DB1F3AAC1E00916B5D /* AFHTTPRequestOperationManager.m in Sources */ = {isa = PBXBuildFile; fileRef = FDF455A71F3AAC1E00916B5D /* AFHTTPRequestOperationManager.m */; };
		FDF455DC1F3AAC1E00916B5D /* AFHTTPSessionManager.m in Sources */ = {isa = PBXBuildFile; fileRef = FDF455A91F3AAC1E00916B5D /* AFHTTPSessionManager.m */; };
		FDF455DD1F3AAC1E00916B5D /* AFNetworkReachabilityManager.m in Sources */ = {isa = PBXBuildFile; fileRef = FDF455AC1F3AAC1E00916B5D /* AFNetworkReachabilityManager.m */; };
		FDF455DE1F3AAC1E00916B5D /* AFSecurityPolicy.m in Sources */ = {isa = PBXBuildFile; fileRef = FDF455AE1F3AAC1E00916B5D /* AFSecurityPolicy.m */; };
		FDF455DF1F3AAC1E00916B5D /* AFURLConnectionOperation.m in Sources */ = {isa = PBXBuildFile; fileRef = FDF455B01F3AAC1E00916B5D /* AFURLConnectionOperation.m */; };
		FDF455E01F3AAC1E00916B5D /* AFURLRequestSerialization.m in Sources */ = {isa = PBXBuildFile; fileRef = FDF455B21F3AAC1E00916B5D /* AFURLRequestSerialization.m */; };
		FDF455E11F3AAC1E00916B5D /* AFURLResponseSerialization.m in Sources */ = {isa = PBXBuildFile; fileRef = FDF455B41F3AAC1E00916B5D /* AFURLResponseSerialization.m */; };
		FDF455E21F3AAC1E00916B5D /* AFURLSessionManager.m in Sources */ = {isa = PBXBuildFile; fileRef = FDF455B61F3AAC1E00916B5D /* AFURLSessionManager.m */; };
		FDF455E31F3AAC1E00916B5D /* AFAutoPurgingImageCache.m in Sources */ = {isa = PBXBuildFile; fileRef = FDF455B91F3AAC1E00916B5D /* AFAutoPurgingImageCache.m */; };
		FDF455E41F3AAC1E00916B5D /* AFImageDownloader.m in Sources */ = {isa = PBXBuildFile; fileRef = FDF455BB1F3AAC1E00916B5D /* AFImageDownloader.m */; };
		FDF455E51F3AAC1E00916B5D /* AFNetworkActivityIndicatorManager.m in Sources */ = {isa = PBXBuildFile; fileRef = FDF455BD1F3AAC1E00916B5D /* AFNetworkActivityIndicatorManager.m */; };
		FDF455E61F3AAC1E00916B5D /* UIActivityIndicatorView+AFNetworking.m in Sources */ = {isa = PBXBuildFile; fileRef = FDF455BF1F3AAC1E00916B5D /* UIActivityIndicatorView+AFNetworking.m */; };
		FDF455E71F3AAC1E00916B5D /* UIAlertView+AFNetworking.m in Sources */ = {isa = PBXBuildFile; fileRef = FDF455C11F3AAC1E00916B5D /* UIAlertView+AFNetworking.m */; };
		FDF455E81F3AAC1E00916B5D /* UIButton+AFNetworking.m in Sources */ = {isa = PBXBuildFile; fileRef = FDF455C31F3AAC1E00916B5D /* UIButton+AFNetworking.m */; };
		FDF455E91F3AAC1E00916B5D /* UIImageView+AFNetworking.m in Sources */ = {isa = PBXBuildFile; fileRef = FDF455C61F3AAC1E00916B5D /* UIImageView+AFNetworking.m */; };
		FDF455EA1F3AAC1E00916B5D /* UIProgressView+AFNetworking.m in Sources */ = {isa = PBXBuildFile; fileRef = FDF455C91F3AAC1E00916B5D /* UIProgressView+AFNetworking.m */; };
		FDF455EB1F3AAC1E00916B5D /* UIRefreshControl+AFNetworking.m in Sources */ = {isa = PBXBuildFile; fileRef = FDF455CB1F3AAC1E00916B5D /* UIRefreshControl+AFNetworking.m */; };
		FDF455EC1F3AAC1E00916B5D /* UIWebView+AFNetworking.m in Sources */ = {isa = PBXBuildFile; fileRef = FDF455CD1F3AAC1E00916B5D /* UIWebView+AFNetworking.m */; };
		FDF455ED1F3AAC1E00916B5D /* AFHTTPRequestOperationManager+AutoRetry.m in Sources */ = {isa = PBXBuildFile; fileRef = FDF455D01F3AAC1E00916B5D /* AFHTTPRequestOperationManager+AutoRetry.m */; };
		FDF455EE1F3AAC1E00916B5D /* AFHTTPSessionManager+AutoRetry.m in Sources */ = {isa = PBXBuildFile; fileRef = FDF455D21F3AAC1E00916B5D /* AFHTTPSessionManager+AutoRetry.m */; };
		FDF455EF1F3AAC1E00916B5D /* NSObject+AssociatedDictionary.m in Sources */ = {isa = PBXBuildFile; fileRef = FDF455D51F3AAC1E00916B5D /* NSObject+AssociatedDictionary.m */; };
		FDF455F01F3AAC1E00916B5D /* ObjcAssociatedObjectHelpers.m in Sources */ = {isa = PBXBuildFile; fileRef = FDF455D71F3AAC1E00916B5D /* ObjcAssociatedObjectHelpers.m */; };
		FDF455F41F3AAC4B00916B5D /* BaseService.m in Sources */ = {isa = PBXBuildFile; fileRef = FDF455F21F3AAC4B00916B5D /* BaseService.m */; };
		FDF455F71F3AADC800916B5D /* ResponseObject.m in Sources */ = {isa = PBXBuildFile; fileRef = FDF455F61F3AADC800916B5D /* ResponseObject.m */; };
		FDF456181F3AC65E00916B5D /* AFHTTPRequestOperation+Ext.m in Sources */ = {isa = PBXBuildFile; fileRef = FDF456121F3AC65E00916B5D /* AFHTTPRequestOperation+Ext.m */; };
		FDF456191F3AC65E00916B5D /* NSString+Ext.m in Sources */ = {isa = PBXBuildFile; fileRef = FDF456141F3AC65E00916B5D /* NSString+Ext.m */; };
		FDF4561A1F3AC65E00916B5D /* Util.m in Sources */ = {isa = PBXBuildFile; fileRef = FDF456171F3AC65E00916B5D /* Util.m */; };
/* End PBXBuildFile section */

/* Begin PBXFileReference section */
		FDF455851F3AAB2A00916B5D /* ProjectLib.app */ = {isa = PBXFileReference; explicitFileType = wrapper.application; includeInIndex = 0; path = ProjectLib.app; sourceTree = BUILT_PRODUCTS_DIR; };
		FDF455891F3AAB2A00916B5D /* main.m */ = {isa = PBXFileReference; lastKnownFileType = sourcecode.c.objc; path = main.m; sourceTree = "<group>"; };
		FDF4558B1F3AAB2A00916B5D /* AppDelegate.h */ = {isa = PBXFileReference; lastKnownFileType = sourcecode.c.h; path = AppDelegate.h; sourceTree = "<group>"; };
		FDF4558C1F3AAB2A00916B5D /* AppDelegate.m */ = {isa = PBXFileReference; lastKnownFileType = sourcecode.c.objc; path = AppDelegate.m; sourceTree = "<group>"; };
		FDF4558E1F3AAB2A00916B5D /* ViewController.h */ = {isa = PBXFileReference; lastKnownFileType = sourcecode.c.h; path = ViewController.h; sourceTree = "<group>"; };
		FDF4558F1F3AAB2A00916B5D /* ViewController.m */ = {isa = PBXFileReference; lastKnownFileType = sourcecode.c.objc; path = ViewController.m; sourceTree = "<group>"; };
		FDF455921F3AAB2A00916B5D /* Base */ = {isa = PBXFileReference; lastKnownFileType = file.storyboard; name = Base; path = Base.lproj/Main.storyboard; sourceTree = "<group>"; };
		FDF455941F3AAB2A00916B5D /* Assets.xcassets */ = {isa = PBXFileReference; lastKnownFileType = folder.assetcatalog; path = Assets.xcassets; sourceTree = "<group>"; };
		FDF455971F3AAB2A00916B5D /* Base */ = {isa = PBXFileReference; lastKnownFileType = file.storyboard; name = Base; path = Base.lproj/LaunchScreen.storyboard; sourceTree = "<group>"; };
		FDF455991F3AAB2A00916B5D /* Info.plist */ = {isa = PBXFileReference; lastKnownFileType = text.plist.xml; path = Info.plist; sourceTree = "<group>"; };
		FDF455A01F3AAB9E00916B5D /* iOSService.h */ = {isa = PBXFileReference; fileEncoding = 4; lastKnownFileType = sourcecode.c.h; path = iOSService.h; sourceTree = "<group>"; };
		FDF455A11F3AAB9E00916B5D /* iOSService.m */ = {isa = PBXFileReference; fileEncoding = 4; lastKnownFileType = sourcecode.c.objc; lineEnding = 0; path = iOSService.m; sourceTree = "<group>"; xcLanguageSpecificationIdentifier = xcode.lang.objc; };
		FDF455A41F3AAC1E00916B5D /* AFHTTPRequestOperation.h */ = {isa = PBXFileReference; fileEncoding = 4; lastKnownFileType = sourcecode.c.h; path = AFHTTPRequestOperation.h; sourceTree = "<group>"; };
		FDF455A51F3AAC1E00916B5D /* AFHTTPRequestOperation.m */ = {isa = PBXFileReference; fileEncoding = 4; lastKnownFileType = sourcecode.c.objc; path = AFHTTPRequestOperation.m; sourceTree = "<group>"; };
		FDF455A61F3AAC1E00916B5D /* AFHTTPRequestOperationManager.h */ = {isa = PBXFileReference; fileEncoding = 4; lastKnownFileType = sourcecode.c.h; path = AFHTTPRequestOperationManager.h; sourceTree = "<group>"; };
		FDF455A71F3AAC1E00916B5D /* AFHTTPRequestOperationManager.m */ = {isa = PBXFileReference; fileEncoding = 4; lastKnownFileType = sourcecode.c.objc; path = AFHTTPRequestOperationManager.m; sourceTree = "<group>"; };
		FDF455A81F3AAC1E00916B5D /* AFHTTPSessionManager.h */ = {isa = PBXFileReference; fileEncoding = 4; lastKnownFileType = sourcecode.c.h; path = AFHTTPSessionManager.h; sourceTree = "<group>"; };
		FDF455A91F3AAC1E00916B5D /* AFHTTPSessionManager.m */ = {isa = PBXFileReference; fileEncoding = 4; lastKnownFileType = sourcecode.c.objc; path = AFHTTPSessionManager.m; sourceTree = "<group>"; };
		FDF455AA1F3AAC1E00916B5D /* AFNetworking.h */ = {isa = PBXFileReference; fileEncoding = 4; lastKnownFileType = sourcecode.c.h; path = AFNetworking.h; sourceTree = "<group>"; };
		FDF455AB1F3AAC1E00916B5D /* AFNetworkReachabilityManager.h */ = {isa = PBXFileReference; fileEncoding = 4; lastKnownFileType = sourcecode.c.h; path = AFNetworkReachabilityManager.h; sourceTree = "<group>"; };
		FDF455AC1F3AAC1E00916B5D /* AFNetworkReachabilityManager.m */ = {isa = PBXFileReference; fileEncoding = 4; lastKnownFileType = sourcecode.c.objc; path = AFNetworkReachabilityManager.m; sourceTree = "<group>"; };
		FDF455AD1F3AAC1E00916B5D /* AFSecurityPolicy.h */ = {isa = PBXFileReference; fileEncoding = 4; lastKnownFileType = sourcecode.c.h; path = AFSecurityPolicy.h; sourceTree = "<group>"; };
		FDF455AE1F3AAC1E00916B5D /* AFSecurityPolicy.m */ = {isa = PBXFileReference; fileEncoding = 4; lastKnownFileType = sourcecode.c.objc; path = AFSecurityPolicy.m; sourceTree = "<group>"; };
		FDF455AF1F3AAC1E00916B5D /* AFURLConnectionOperation.h */ = {isa = PBXFileReference; fileEncoding = 4; lastKnownFileType = sourcecode.c.h; path = AFURLConnectionOperation.h; sourceTree = "<group>"; };
		FDF455B01F3AAC1E00916B5D /* AFURLConnectionOperation.m */ = {isa = PBXFileReference; fileEncoding = 4; lastKnownFileType = sourcecode.c.objc; path = AFURLConnectionOperation.m; sourceTree = "<group>"; };
		FDF455B11F3AAC1E00916B5D /* AFURLRequestSerialization.h */ = {isa = PBXFileReference; fileEncoding = 4; lastKnownFileType = sourcecode.c.h; path = AFURLRequestSerialization.h; sourceTree = "<group>"; };
		FDF455B21F3AAC1E00916B5D /* AFURLRequestSerialization.m */ = {isa = PBXFileReference; fileEncoding = 4; lastKnownFileType = sourcecode.c.objc; path = AFURLRequestSerialization.m; sourceTree = "<group>"; };
		FDF455B31F3AAC1E00916B5D /* AFURLResponseSerialization.h */ = {isa = PBXFileReference; fileEncoding = 4; lastKnownFileType = sourcecode.c.h; path = AFURLResponseSerialization.h; sourceTree = "<group>"; };
		FDF455B41F3AAC1E00916B5D /* AFURLResponseSerialization.m */ = {isa = PBXFileReference; fileEncoding = 4; lastKnownFileType = sourcecode.c.objc; path = AFURLResponseSerialization.m; sourceTree = "<group>"; };
		FDF455B51F3AAC1E00916B5D /* AFURLSessionManager.h */ = {isa = PBXFileReference; fileEncoding = 4; lastKnownFileType = sourcecode.c.h; path = AFURLSessionManager.h; sourceTree = "<group>"; };
		FDF455B61F3AAC1E00916B5D /* AFURLSessionManager.m */ = {isa = PBXFileReference; fileEncoding = 4; lastKnownFileType = sourcecode.c.objc; path = AFURLSessionManager.m; sourceTree = "<group>"; };
		FDF455B81F3AAC1E00916B5D /* AFAutoPurgingImageCache.h */ = {isa = PBXFileReference; fileEncoding = 4; lastKnownFileType = sourcecode.c.h; path = AFAutoPurgingImageCache.h; sourceTree = "<group>"; };
		FDF455B91F3AAC1E00916B5D /* AFAutoPurgingImageCache.m */ = {isa = PBXFileReference; fileEncoding = 4; lastKnownFileType = sourcecode.c.objc; path = AFAutoPurgingImageCache.m; sourceTree = "<group>"; };
		FDF455BA1F3AAC1E00916B5D /* AFImageDownloader.h */ = {isa = PBXFileReference; fileEncoding = 4; lastKnownFileType = sourcecode.c.h; path = AFImageDownloader.h; sourceTree = "<group>"; };
		FDF455BB1F3AAC1E00916B5D /* AFImageDownloader.m */ = {isa = PBXFileReference; fileEncoding = 4; lastKnownFileType = sourcecode.c.objc; path = AFImageDownloader.m; sourceTree = "<group>"; };
		FDF455BC1F3AAC1E00916B5D /* AFNetworkActivityIndicatorManager.h */ = {isa = PBXFileReference; fileEncoding = 4; lastKnownFileType = sourcecode.c.h; path = AFNetworkActivityIndicatorManager.h; sourceTree = "<group>"; };
		FDF455BD1F3AAC1E00916B5D /* AFNetworkActivityIndicatorManager.m */ = {isa = PBXFileReference; fileEncoding = 4; lastKnownFileType = sourcecode.c.objc; path = AFNetworkActivityIndicatorManager.m; sourceTree = "<group>"; };
		FDF455BE1F3AAC1E00916B5D /* UIActivityIndicatorView+AFNetworking.h */ = {isa = PBXFileReference; fileEncoding = 4; lastKnownFileType = sourcecode.c.h; path = "UIActivityIndicatorView+AFNetworking.h"; sourceTree = "<group>"; };
		FDF455BF1F3AAC1E00916B5D /* UIActivityIndicatorView+AFNetworking.m */ = {isa = PBXFileReference; fileEncoding = 4; lastKnownFileType = sourcecode.c.objc; path = "UIActivityIndicatorView+AFNetworking.m"; sourceTree = "<group>"; };
		FDF455C01F3AAC1E00916B5D /* UIAlertView+AFNetworking.h */ = {isa = PBXFileReference; fileEncoding = 4; lastKnownFileType = sourcecode.c.h; path = "UIAlertView+AFNetworking.h"; sourceTree = "<group>"; };
		FDF455C11F3AAC1E00916B5D /* UIAlertView+AFNetworking.m */ = {isa = PBXFileReference; fileEncoding = 4; lastKnownFileType = sourcecode.c.objc; path = "UIAlertView+AFNetworking.m"; sourceTree = "<group>"; };
		FDF455C21F3AAC1E00916B5D /* UIButton+AFNetworking.h */ = {isa = PBXFileReference; fileEncoding = 4; lastKnownFileType = sourcecode.c.h; path = "UIButton+AFNetworking.h"; sourceTree = "<group>"; };
		FDF455C31F3AAC1E00916B5D /* UIButton+AFNetworking.m */ = {isa = PBXFileReference; fileEncoding = 4; lastKnownFileType = sourcecode.c.objc; path = "UIButton+AFNetworking.m"; sourceTree = "<group>"; };
		FDF455C41F3AAC1E00916B5D /* UIImage+AFNetworking.h */ = {isa = PBXFileReference; fileEncoding = 4; lastKnownFileType = sourcecode.c.h; path = "UIImage+AFNetworking.h"; sourceTree = "<group>"; };
		FDF455C51F3AAC1E00916B5D /* UIImageView+AFNetworking.h */ = {isa = PBXFileReference; fileEncoding = 4; lastKnownFileType = sourcecode.c.h; path = "UIImageView+AFNetworking.h"; sourceTree = "<group>"; };
		FDF455C61F3AAC1E00916B5D /* UIImageView+AFNetworking.m */ = {isa = PBXFileReference; fileEncoding = 4; lastKnownFileType = sourcecode.c.objc; path = "UIImageView+AFNetworking.m"; sourceTree = "<group>"; };
		FDF455C71F3AAC1E00916B5D /* UIKit+AFNetworking.h */ = {isa = PBXFileReference; fileEncoding = 4; lastKnownFileType = sourcecode.c.h; path = "UIKit+AFNetworking.h"; sourceTree = "<group>"; };
		FDF455C81F3AAC1E00916B5D /* UIProgressView+AFNetworking.h */ = {isa = PBXFileReference; fileEncoding = 4; lastKnownFileType = sourcecode.c.h; path = "UIProgressView+AFNetworking.h"; sourceTree = "<group>"; };
		FDF455C91F3AAC1E00916B5D /* UIProgressView+AFNetworking.m */ = {isa = PBXFileReference; fileEncoding = 4; lastKnownFileType = sourcecode.c.objc; path = "UIProgressView+AFNetworking.m"; sourceTree = "<group>"; };
		FDF455CA1F3AAC1E00916B5D /* UIRefreshControl+AFNetworking.h */ = {isa = PBXFileReference; fileEncoding = 4; lastKnownFileType = sourcecode.c.h; path = "UIRefreshControl+AFNetworking.h"; sourceTree = "<group>"; };
		FDF455CB1F3AAC1E00916B5D /* UIRefreshControl+AFNetworking.m */ = {isa = PBXFileReference; fileEncoding = 4; lastKnownFileType = sourcecode.c.objc; path = "UIRefreshControl+AFNetworking.m"; sourceTree = "<group>"; };
		FDF455CC1F3AAC1E00916B5D /* UIWebView+AFNetworking.h */ = {isa = PBXFileReference; fileEncoding = 4; lastKnownFileType = sourcecode.c.h; path = "UIWebView+AFNetworking.h"; sourceTree = "<group>"; };
		FDF455CD1F3AAC1E00916B5D /* UIWebView+AFNetworking.m */ = {isa = PBXFileReference; fileEncoding = 4; lastKnownFileType = sourcecode.c.objc; path = "UIWebView+AFNetworking.m"; sourceTree = "<group>"; };
		FDF455CF1F3AAC1E00916B5D /* AFHTTPRequestOperationManager+AutoRetry.h */ = {isa = PBXFileReference; fileEncoding = 4; lastKnownFileType = sourcecode.c.h; path = "AFHTTPRequestOperationManager+AutoRetry.h"; sourceTree = "<group>"; };
		FDF455D01F3AAC1E00916B5D /* AFHTTPRequestOperationManager+AutoRetry.m */ = {isa = PBXFileReference; fileEncoding = 4; lastKnownFileType = sourcecode.c.objc; path = "AFHTTPRequestOperationManager+AutoRetry.m"; sourceTree = "<group>"; };
		FDF455D11F3AAC1E00916B5D /* AFHTTPSessionManager+AutoRetry.h */ = {isa = PBXFileReference; fileEncoding = 4; lastKnownFileType = sourcecode.c.h; path = "AFHTTPSessionManager+AutoRetry.h"; sourceTree = "<group>"; };
		FDF455D21F3AAC1E00916B5D /* AFHTTPSessionManager+AutoRetry.m */ = {isa = PBXFileReference; fileEncoding = 4; lastKnownFileType = sourcecode.c.objc; path = "AFHTTPSessionManager+AutoRetry.m"; sourceTree = "<group>"; };
		FDF455D41F3AAC1E00916B5D /* NSObject+AssociatedDictionary.h */ = {isa = PBXFileReference; fileEncoding = 4; lastKnownFileType = sourcecode.c.h; path = "NSObject+AssociatedDictionary.h"; sourceTree = "<group>"; };
		FDF455D51F3AAC1E00916B5D /* NSObject+AssociatedDictionary.m */ = {isa = PBXFileReference; fileEncoding = 4; lastKnownFileType = sourcecode.c.objc; path = "NSObject+AssociatedDictionary.m"; sourceTree = "<group>"; };
		FDF455D61F3AAC1E00916B5D /* ObjcAssociatedObjectHelpers.h */ = {isa = PBXFileReference; fileEncoding = 4; lastKnownFileType = sourcecode.c.h; path = ObjcAssociatedObjectHelpers.h; sourceTree = "<group>"; };
		FDF455D71F3AAC1E00916B5D /* ObjcAssociatedObjectHelpers.m */ = {isa = PBXFileReference; fileEncoding = 4; lastKnownFileType = sourcecode.c.objc; path = ObjcAssociatedObjectHelpers.m; sourceTree = "<group>"; };
		FDF455F21F3AAC4B00916B5D /* BaseService.m */ = {isa = PBXFileReference; fileEncoding = 4; lastKnownFileType = sourcecode.c.objc; path = BaseService.m; sourceTree = "<group>"; };
		FDF455F31F3AAC4B00916B5D /* BaseService.h */ = {isa = PBXFileReference; fileEncoding = 4; lastKnownFileType = sourcecode.c.h; path = BaseService.h; sourceTree = "<group>"; };
		FDF455F51F3AADC800916B5D /* ResponseObject.h */ = {isa = PBXFileReference; fileEncoding = 4; lastKnownFileType = sourcecode.c.h; path = ResponseObject.h; sourceTree = "<group>"; };
		FDF455F61F3AADC800916B5D /* ResponseObject.m */ = {isa = PBXFileReference; fileEncoding = 4; lastKnownFileType = sourcecode.c.objc; path = ResponseObject.m; sourceTree = "<group>"; };
		FDF456111F3AC65E00916B5D /* AFHTTPRequestOperation+Ext.h */ = {isa = PBXFileReference; fileEncoding = 4; lastKnownFileType = sourcecode.c.h; path = "AFHTTPRequestOperation+Ext.h"; sourceTree = "<group>"; };
		FDF456121F3AC65E00916B5D /* AFHTTPRequestOperation+Ext.m */ = {isa = PBXFileReference; fileEncoding = 4; lastKnownFileType = sourcecode.c.objc; path = "AFHTTPRequestOperation+Ext.m"; sourceTree = "<group>"; };
		FDF456131F3AC65E00916B5D /* NSString+Ext.h */ = {isa = PBXFileReference; fileEncoding = 4; lastKnownFileType = sourcecode.c.h; path = "NSString+Ext.h"; sourceTree = "<group>"; };
		FDF456141F3AC65E00916B5D /* NSString+Ext.m */ = {isa = PBXFileReference; fileEncoding = 4; lastKnownFileType = sourcecode.c.objc; path = "NSString+Ext.m"; sourceTree = "<group>"; };
		FDF456161F3AC65E00916B5D /* Util.h */ = {isa = PBXFileReference; fileEncoding = 4; lastKnownFileType = sourcecode.c.h; path = Util.h; sourceTree = "<group>"; };
		FDF456171F3AC65E00916B5D /* Util.m */ = {isa = PBXFileReference; fileEncoding = 4; lastKnownFileType = sourcecode.c.objc; path = Util.m; sourceTree = "<group>"; };
/* End PBXFileReference section */

/* Begin PBXFrameworksBuildPhase section */
		FDF455821F3AAB2A00916B5D /* Frameworks */ = {
			isa = PBXFrameworksBuildPhase;
			buildActionMask = 2147483647;
			files = (
			);
			runOnlyForDeploymentPostprocessing = 0;
		};
/* End PBXFrameworksBuildPhase section */

/* Begin PBXGroup section */
		FDF4557C1F3AAB2A00916B5D = {
			isa = PBXGroup;
			children = (
				FDF455871F3AAB2A00916B5D /* ProjectLib */,
				FDF455861F3AAB2A00916B5D /* Products */,
			);
			sourceTree = "<group>";
		};
		FDF455861F3AAB2A00916B5D /* Products */ = {
			isa = PBXGroup;
			children = (
				FDF455851F3AAB2A00916B5D /* ProjectLib.app */,
			);
			name = Products;
			sourceTree = "<group>";
		};
		FDF455871F3AAB2A00916B5D /* ProjectLib */ = {
			isa = PBXGroup;
			children = (
				FDF456101F3AC65E00916B5D /* Ext */,
				FDF456151F3AC65E00916B5D /* Util */,
				FDF4559F1F3AAB9E00916B5D /* Service */,
				FDF4558B1F3AAB2A00916B5D /* AppDelegate.h */,
				FDF4558C1F3AAB2A00916B5D /* AppDelegate.m */,
				FDF4558E1F3AAB2A00916B5D /* ViewController.h */,
				FDF4558F1F3AAB2A00916B5D /* ViewController.m */,
				FDF455911F3AAB2A00916B5D /* Main.storyboard */,
				FDF455941F3AAB2A00916B5D /* Assets.xcassets */,
				FDF455961F3AAB2A00916B5D /* LaunchScreen.storyboard */,
				FDF455991F3AAB2A00916B5D /* Info.plist */,
				FDF455881F3AAB2A00916B5D /* Supporting Files */,
			);
			path = ProjectLib;
			sourceTree = "<group>";
		};
		FDF455881F3AAB2A00916B5D /* Supporting Files */ = {
			isa = PBXGroup;
			children = (
				FDF455891F3AAB2A00916B5D /* main.m */,
			);
			name = "Supporting Files";
			sourceTree = "<group>";
		};
		FDF4559F1F3AAB9E00916B5D /* Service */ = {
			isa = PBXGroup;
			children = (
				FDF455A31F3AAC1E00916B5D /* AFNetworking */,
				FDF455CE1F3AAC1E00916B5D /* AFNetworking-AutoRetry */,
				FDF455F51F3AADC800916B5D /* ResponseObject.h */,
				FDF455F61F3AADC800916B5D /* ResponseObject.m */,
				FDF455F31F3AAC4B00916B5D /* BaseService.h */,
				FDF455F21F3AAC4B00916B5D /* BaseService.m */,
				FDF455A01F3AAB9E00916B5D /* iOSService.h */,
				FDF455A11F3AAB9E00916B5D /* iOSService.m */,
			);
			path = Service;
			sourceTree = "<group>";
		};
		FDF455A31F3AAC1E00916B5D /* AFNetworking */ = {
			isa = PBXGroup;
			children = (
				FDF455A41F3AAC1E00916B5D /* AFHTTPRequestOperation.h */,
				FDF455A51F3AAC1E00916B5D /* AFHTTPRequestOperation.m */,
				FDF455A61F3AAC1E00916B5D /* AFHTTPRequestOperationManager.h */,
				FDF455A71F3AAC1E00916B5D /* AFHTTPRequestOperationManager.m */,
				FDF455A81F3AAC1E00916B5D /* AFHTTPSessionManager.h */,
				FDF455A91F3AAC1E00916B5D /* AFHTTPSessionManager.m */,
				FDF455AA1F3AAC1E00916B5D /* AFNetworking.h */,
				FDF455AB1F3AAC1E00916B5D /* AFNetworkReachabilityManager.h */,
				FDF455AC1F3AAC1E00916B5D /* AFNetworkReachabilityManager.m */,
				FDF455AD1F3AAC1E00916B5D /* AFSecurityPolicy.h */,
				FDF455AE1F3AAC1E00916B5D /* AFSecurityPolicy.m */,
				FDF455AF1F3AAC1E00916B5D /* AFURLConnectionOperation.h */,
				FDF455B01F3AAC1E00916B5D /* AFURLConnectionOperation.m */,
				FDF455B11F3AAC1E00916B5D /* AFURLRequestSerialization.h */,
				FDF455B21F3AAC1E00916B5D /* AFURLRequestSerialization.m */,
				FDF455B31F3AAC1E00916B5D /* AFURLResponseSerialization.h */,
				FDF455B41F3AAC1E00916B5D /* AFURLResponseSerialization.m */,
				FDF455B51F3AAC1E00916B5D /* AFURLSessionManager.h */,
				FDF455B61F3AAC1E00916B5D /* AFURLSessionManager.m */,
				FDF455B71F3AAC1E00916B5D /* UIKit+AFNetworking */,
			);
			path = AFNetworking;
			sourceTree = "<group>";
		};
		FDF455B71F3AAC1E00916B5D /* UIKit+AFNetworking */ = {
			isa = PBXGroup;
			children = (
				FDF455B81F3AAC1E00916B5D /* AFAutoPurgingImageCache.h */,
				FDF455B91F3AAC1E00916B5D /* AFAutoPurgingImageCache.m */,
				FDF455BA1F3AAC1E00916B5D /* AFImageDownloader.h */,
				FDF455BB1F3AAC1E00916B5D /* AFImageDownloader.m */,
				FDF455BC1F3AAC1E00916B5D /* AFNetworkActivityIndicatorManager.h */,
				FDF455BD1F3AAC1E00916B5D /* AFNetworkActivityIndicatorManager.m */,
				FDF455BE1F3AAC1E00916B5D /* UIActivityIndicatorView+AFNetworking.h */,
				FDF455BF1F3AAC1E00916B5D /* UIActivityIndicatorView+AFNetworking.m */,
				FDF455C01F3AAC1E00916B5D /* UIAlertView+AFNetworking.h */,
				FDF455C11F3AAC1E00916B5D /* UIAlertView+AFNetworking.m */,
				FDF455C21F3AAC1E00916B5D /* UIButton+AFNetworking.h */,
				FDF455C31F3AAC1E00916B5D /* UIButton+AFNetworking.m */,
				FDF455C41F3AAC1E00916B5D /* UIImage+AFNetworking.h */,
				FDF455C51F3AAC1E00916B5D /* UIImageView+AFNetworking.h */,
				FDF455C61F3AAC1E00916B5D /* UIImageView+AFNetworking.m */,
				FDF455C71F3AAC1E00916B5D /* UIKit+AFNetworking.h */,
				FDF455C81F3AAC1E00916B5D /* UIProgressView+AFNetworking.h */,
				FDF455C91F3AAC1E00916B5D /* UIProgressView+AFNetworking.m */,
				FDF455CA1F3AAC1E00916B5D /* UIRefreshControl+AFNetworking.h */,
				FDF455CB1F3AAC1E00916B5D /* UIRefreshControl+AFNetworking.m */,
				FDF455CC1F3AAC1E00916B5D /* UIWebView+AFNetworking.h */,
				FDF455CD1F3AAC1E00916B5D /* UIWebView+AFNetworking.m */,
			);
			path = "UIKit+AFNetworking";
			sourceTree = "<group>";
		};
		FDF455CE1F3AAC1E00916B5D /* AFNetworking-AutoRetry */ = {
			isa = PBXGroup;
			children = (
				FDF455CF1F3AAC1E00916B5D /* AFHTTPRequestOperationManager+AutoRetry.h */,
				FDF455D01F3AAC1E00916B5D /* AFHTTPRequestOperationManager+AutoRetry.m */,
				FDF455D11F3AAC1E00916B5D /* AFHTTPSessionManager+AutoRetry.h */,
				FDF455D21F3AAC1E00916B5D /* AFHTTPSessionManager+AutoRetry.m */,
				FDF455D31F3AAC1E00916B5D /* ObjcAssociatedObjectHelpers */,
			);
			path = "AFNetworking-AutoRetry";
			sourceTree = "<group>";
		};
		FDF455D31F3AAC1E00916B5D /* ObjcAssociatedObjectHelpers */ = {
			isa = PBXGroup;
			children = (
				FDF455D41F3AAC1E00916B5D /* NSObject+AssociatedDictionary.h */,
				FDF455D51F3AAC1E00916B5D /* NSObject+AssociatedDictionary.m */,
				FDF455D61F3AAC1E00916B5D /* ObjcAssociatedObjectHelpers.h */,
				FDF455D71F3AAC1E00916B5D /* ObjcAssociatedObjectHelpers.m */,
			);
			path = ObjcAssociatedObjectHelpers;
			sourceTree = "<group>";
		};
		FDF456101F3AC65E00916B5D /* Ext */ = {
			isa = PBXGroup;
			children = (
				FDF456111F3AC65E00916B5D /* AFHTTPRequestOperation+Ext.h */,
				FDF456121F3AC65E00916B5D /* AFHTTPRequestOperation+Ext.m */,
				FDF456131F3AC65E00916B5D /* NSString+Ext.h */,
				FDF456141F3AC65E00916B5D /* NSString+Ext.m */,
			);
			path = Ext;
			sourceTree = "<group>";
		};
		FDF456151F3AC65E00916B5D /* Util */ = {
			isa = PBXGroup;
			children = (
				FDF456161F3AC65E00916B5D /* Util.h */,
				FDF456171F3AC65E00916B5D /* Util.m */,
			);
			path = Util;
			sourceTree = "<group>";
		};
/* End PBXGroup section */

/* Begin PBXNativeTarget section */
		FDF455841F3AAB2A00916B5D /* ProjectLib */ = {
			isa = PBXNativeTarget;
			buildConfigurationList = FDF4559C1F3AAB2A00916B5D /* Build configuration list for PBXNativeTarget "ProjectLib" */;
			buildPhases = (
				FDF455811F3AAB2A00916B5D /* Sources */,
				FDF455821F3AAB2A00916B5D /* Frameworks */,
				FDF455831F3AAB2A00916B5D /* Resources */,
			);
			buildRules = (
			);
			dependencies = (
			);
			name = ProjectLib;
			productName = ProjectLib;
			productReference = FDF455851F3AAB2A00916B5D /* ProjectLib.app */;
			productType = "com.apple.product-type.application";
		};
/* End PBXNativeTarget section */

/* Begin PBXProject section */
		FDF4557D1F3AAB2A00916B5D /* Project object */ = {
			isa = PBXProject;
			attributes = {
				LastUpgradeCheck = 0830;
				ORGANIZATIONNAME = "Son Dang";
				TargetAttributes = {
					FDF455841F3AAB2A00916B5D = {
						CreatedOnToolsVersion = 8.3.2;
						DevelopmentTeam = QN6X4PXHC5;
						ProvisioningStyle = Automatic;
					};
				};
			};
			buildConfigurationList = FDF455801F3AAB2A00916B5D /* Build configuration list for PBXProject "ProjectLib" */;
			compatibilityVersion = "Xcode 3.2";
			developmentRegion = English;
			hasScannedForEncodings = 0;
			knownRegions = (
				en,
				Base,
			);
			mainGroup = FDF4557C1F3AAB2A00916B5D;
			productRefGroup = FDF455861F3AAB2A00916B5D /* Products */;
			projectDirPath = "";
			projectRoot = "";
			targets = (
				FDF455841F3AAB2A00916B5D /* ProjectLib */,
			);
		};
/* End PBXProject section */

/* Begin PBXResourcesBuildPhase section */
		FDF455831F3AAB2A00916B5D /* Resources */ = {
			isa = PBXResourcesBuildPhase;
			buildActionMask = 2147483647;
			files = (
				FDF455981F3AAB2A00916B5D /* LaunchScreen.storyboard in Resources */,
				FDF455951F3AAB2A00916B5D /* Assets.xcassets in Resources */,
				FDF455931F3AAB2A00916B5D /* Main.storyboard in Resources */,
			);
			runOnlyForDeploymentPostprocessing = 0;
		};
/* End PBXResourcesBuildPhase section */

/* Begin PBXSourcesBuildPhase section */
		FDF455811F3AAB2A00916B5D /* Sources */ = {
			isa = PBXSourcesBuildPhase;
			buildActionMask = 2147483647;
			files = (
				FDF455901F3AAB2A00916B5D /* ViewController.m in Sources */,
				FDF455EF1F3AAC1E00916B5D /* NSObject+AssociatedDictionary.m in Sources */,
				FDF456181F3AC65E00916B5D /* AFHTTPRequestOperation+Ext.m in Sources */,
				FDF455DE1F3AAC1E00916B5D /* AFSecurityPolicy.m in Sources */,
				FDF455E41F3AAC1E00916B5D /* AFImageDownloader.m in Sources */,
				FDF4558D1F3AAB2A00916B5D /* AppDelegate.m in Sources */,
				FDF455F41F3AAC4B00916B5D /* BaseService.m in Sources */,
				FDF455E51F3AAC1E00916B5D /* AFNetworkActivityIndicatorManager.m in Sources */,
				FDF455DB1F3AAC1E00916B5D /* AFHTTPRequestOperationManager.m in Sources */,
				FDF455DF1F3AAC1E00916B5D /* AFURLConnectionOperation.m in Sources */,
				FDF455EA1F3AAC1E00916B5D /* UIProgressView+AFNetworking.m in Sources */,
				FDF455EE1F3AAC1E00916B5D /* AFHTTPSessionManager+AutoRetry.m in Sources */,
				FDF455E31F3AAC1E00916B5D /* AFAutoPurgingImageCache.m in Sources */,
				FDF455DA1F3AAC1E00916B5D /* AFHTTPRequestOperation.m in Sources */,
				FDF455F71F3AADC800916B5D /* ResponseObject.m in Sources */,
				FDF455A21F3AAB9E00916B5D /* iOSService.m in Sources */,
				FDF455E81F3AAC1E00916B5D /* UIButton+AFNetworking.m in Sources */,
				FDF455E91F3AAC1E00916B5D /* UIImageView+AFNetworking.m in Sources */,
				FDF455E01F3AAC1E00916B5D /* AFURLRequestSerialization.m in Sources */,
				FDF455DC1F3AAC1E00916B5D /* AFHTTPSessionManager.m in Sources */,
				FDF455E71F3AAC1E00916B5D /* UIAlertView+AFNetworking.m in Sources */,
				FDF455EC1F3AAC1E00916B5D /* UIWebView+AFNetworking.m in Sources */,
				FDF456191F3AC65E00916B5D /* NSString+Ext.m in Sources */,
				FDF455E61F3AAC1E00916B5D /* UIActivityIndicatorView+AFNetworking.m in Sources */,
				FDF455ED1F3AAC1E00916B5D /* AFHTTPRequestOperationManager+AutoRetry.m in Sources */,
				FDF455DD1F3AAC1E00916B5D /* AFNetworkReachabilityManager.m in Sources */,
				FDF455F01F3AAC1E00916B5D /* ObjcAssociatedObjectHelpers.m in Sources */,
				FDF455EB1F3AAC1E00916B5D /* UIRefreshControl+AFNetworking.m in Sources */,
				FDF455E11F3AAC1E00916B5D /* AFURLResponseSerialization.m in Sources */,
				FDF455E21F3AAC1E00916B5D /* AFURLSessionManager.m in Sources */,
				FDF4558A1F3AAB2A00916B5D /* main.m in Sources */,
				FDF4561A1F3AC65E00916B5D /* Util.m in Sources */,
			);
			runOnlyForDeploymentPostprocessing = 0;
		};
/* End PBXSourcesBuildPhase section */

/* Begin PBXVariantGroup section */
		FDF455911F3AAB2A00916B5D /* Main.storyboard */ = {
			isa = PBXVariantGroup;
			children = (
				FDF455921F3AAB2A00916B5D /* Base */,
			);
			name = Main.storyboard;
			sourceTree = "<group>";
		};
		FDF455961F3AAB2A00916B5D /* LaunchScreen.storyboard */ = {
			isa = PBXVariantGroup;
			children = (
				FDF455971F3AAB2A00916B5D /* Base */,
			);
			name = LaunchScreen.storyboard;
			sourceTree = "<group>";
		};
/* End PBXVariantGroup section */

/* Begin XCBuildConfiguration section */
		FDF4559A1F3AAB2A00916B5D /* Debug */ = {
			isa = XCBuildConfiguration;
			buildSettings = {
				ALWAYS_SEARCH_USER_PATHS = NO;
				CLANG_ANALYZER_NONNULL = YES;
				CLANG_ANALYZER_NUMBER_OBJECT_CONVERSION = YES_AGGRESSIVE;
				CLANG_CXX_LANGUAGE_STANDARD = "gnu++0x";
				CLANG_CXX_LIBRARY = "libc++";
				CLANG_ENABLE_MODULES = YES;
				CLANG_ENABLE_OBJC_ARC = YES;
				CLANG_WARN_BOOL_CONVERSION = YES;
				CLANG_WARN_CONSTANT_CONVERSION = YES;
				CLANG_WARN_DIRECT_OBJC_ISA_USAGE = YES_ERROR;
				CLANG_WARN_DOCUMENTATION_COMMENTS = YES;
				CLANG_WARN_EMPTY_BODY = YES;
				CLANG_WARN_ENUM_CONVERSION = YES;
				CLANG_WARN_INFINITE_RECURSION = YES;
				CLANG_WARN_INT_CONVERSION = YES;
				CLANG_WARN_OBJC_ROOT_CLASS = YES_ERROR;
				CLANG_WARN_SUSPICIOUS_MOVE = YES;
				CLANG_WARN_UNREACHABLE_CODE = YES;
				CLANG_WARN__DUPLICATE_METHOD_MATCH = YES;
				"CODE_SIGN_IDENTITY[sdk=iphoneos*]" = "iPhone Developer";
				COPY_PHASE_STRIP = NO;
				DEBUG_INFORMATION_FORMAT = dwarf;
				ENABLE_STRICT_OBJC_MSGSEND = YES;
				ENABLE_TESTABILITY = YES;
				GCC_C_LANGUAGE_STANDARD = gnu99;
				GCC_DYNAMIC_NO_PIC = NO;
				GCC_NO_COMMON_BLOCKS = YES;
				GCC_OPTIMIZATION_LEVEL = 0;
				GCC_PREPROCESSOR_DEFINITIONS = (
					"DEBUG=1",
					"$(inherited)",
				);
				GCC_WARN_64_TO_32_BIT_CONVERSION = YES;
				GCC_WARN_ABOUT_RETURN_TYPE = YES_ERROR;
				GCC_WARN_UNDECLARED_SELECTOR = YES;
				GCC_WARN_UNINITIALIZED_AUTOS = YES_AGGRESSIVE;
				GCC_WARN_UNUSED_FUNCTION = YES;
				GCC_WARN_UNUSED_VARIABLE = YES;
				IPHONEOS_DEPLOYMENT_TARGET = 8.4;
				MTL_ENABLE_DEBUG_INFO = YES;
				ONLY_ACTIVE_ARCH = YES;
				SDKROOT = iphoneos;
			};
			name = Debug;
		};
		FDF4559B1F3AAB2A00916B5D /* Release */ = {
			isa = XCBuildConfiguration;
			buildSettings = {
				ALWAYS_SEARCH_USER_PATHS = NO;
				CLANG_ANALYZER_NONNULL = YES;
				CLANG_ANALYZER_NUMBER_OBJECT_CONVERSION = YES_AGGRESSIVE;
				CLANG_CXX_LANGUAGE_STANDARD = "gnu++0x";
				CLANG_CXX_LIBRARY = "libc++";
				CLANG_ENABLE_MODULES = YES;
				CLANG_ENABLE_OBJC_ARC = YES;
				CLANG_WARN_BOOL_CONVERSION = YES;
				CLANG_WARN_CONSTANT_CONVERSION = YES;
				CLANG_WARN_DIRECT_OBJC_ISA_USAGE = YES_ERROR;
				CLANG_WARN_DOCUMENTATION_COMMENTS = YES;
				CLANG_WARN_EMPTY_BODY = YES;
				CLANG_WARN_ENUM_CONVERSION = YES;
				CLANG_WARN_INFINITE_RECURSION = YES;
				CLANG_WARN_INT_CONVERSION = YES;
				CLANG_WARN_OBJC_ROOT_CLASS = YES_ERROR;
				CLANG_WARN_SUSPICIOUS_MOVE = YES;
				CLANG_WARN_UNREACHABLE_CODE = YES;
				CLANG_WARN__DUPLICATE_METHOD_MATCH = YES;
				"CODE_SIGN_IDENTITY[sdk=iphoneos*]" = "iPhone Developer";
				COPY_PHASE_STRIP = NO;
				DEBUG_INFORMATION_FORMAT = "dwarf-with-dsym";
				ENABLE_NS_ASSERTIONS = NO;
				ENABLE_STRICT_OBJC_MSGSEND = YES;
				GCC_C_LANGUAGE_STANDARD = gnu99;
				GCC_NO_COMMON_BLOCKS = YES;
				GCC_WARN_64_TO_32_BIT_CONVERSION = YES;
				GCC_WARN_ABOUT_RETURN_TYPE = YES_ERROR;
				GCC_WARN_UNDECLARED_SELECTOR = YES;
				GCC_WARN_UNINITIALIZED_AUTOS = YES_AGGRESSIVE;
				GCC_WARN_UNUSED_FUNCTION = YES;
				GCC_WARN_UNUSED_VARIABLE = YES;
				IPHONEOS_DEPLOYMENT_TARGET = 8.4;
				MTL_ENABLE_DEBUG_INFO = NO;
				SDKROOT = iphoneos;
				VALIDATE_PRODUCT = YES;
			};
			name = Release;
		};
		FDF4559D1F3AAB2A00916B5D /* Debug */ = {
			isa = XCBuildConfiguration;
			buildSettings = {
				ASSETCATALOG_COMPILER_APPICON_NAME = AppIcon;
				DEVELOPMENT_TEAM = QN6X4PXHC5;
				INFOPLIST_FILE = ProjectLib/Info.plist;
				LD_RUNPATH_SEARCH_PATHS = "$(inherited) @executable_path/Frameworks";
				PRODUCT_BUNDLE_IDENTIFIER = tiniSoft.ProjectLib;
				PRODUCT_NAME = "$(TARGET_NAME)";
			};
			name = Debug;
		};
		FDF4559E1F3AAB2A00916B5D /* Release */ = {
			isa = XCBuildConfiguration;
			buildSettings = {
				ASSETCATALOG_COMPILER_APPICON_NAME = AppIcon;
				DEVELOPMENT_TEAM = QN6X4PXHC5;
				INFOPLIST_FILE = ProjectLib/Info.plist;
				LD_RUNPATH_SEARCH_PATHS = "$(inherited) @executable_path/Frameworks";
				PRODUCT_BUNDLE_IDENTIFIER = tiniSoft.ProjectLib;
				PRODUCT_NAME = "$(TARGET_NAME)";
			};
			name = Release;
		};
/* End XCBuildConfiguration section */

/* Begin XCConfigurationList section */
		FDF455801F3AAB2A00916B5D /* Build configuration list for PBXProject "ProjectLib" */ = {
			isa = XCConfigurationList;
			buildConfigurations = (
				FDF4559A1F3AAB2A00916B5D /* Debug */,
				FDF4559B1F3AAB2A00916B5D /* Release */,
			);
			defaultConfigurationIsVisible = 0;
			defaultConfigurationName = Release;
		};
		FDF4559C1F3AAB2A00916B5D /* Build configuration list for PBXNativeTarget "ProjectLib" */ = {
			isa = XCConfigurationList;
			buildConfigurations = (
				FDF4559D1F3AAB2A00916B5D /* Debug */,
				FDF4559E1F3AAB2A00916B5D /* Release */,
			);
			defaultConfigurationIsVisible = 0;
		};
/* End XCConfigurationList section */
	};
	rootObject = FDF4557D1F3AAB2A00916B5D /* Project object */;
}
